<?xml version="1.0" encoding="utf-8"?>
<Project ToolsVersion="4.0" xmlns="http://schemas.microsoft.com/developer/msbuild/2003">
  <ItemGroup>
    <ClCompile Include="..\..\..\..\..\..\..\Temp\of_v0.9.8_vs_release\addons\ofxGui\src\ofxBaseGui.cpp" />
    <ClCompile Include="..\..\..\..\..\..\..\Temp\of_v0.9.8_vs_release\addons\ofxGui\src\ofxButton.cpp" />
    <ClCompile Include="..\..\..\..\..\..\..\Temp\of_v0.9.8_vs_release\addons\ofxGui\src\ofxGuiGroup.cpp" />
    <ClCompile Include="..\..\..\..\..\..\..\Temp\of_v0.9.8_vs_release\addons\ofxGui\src\ofxLabel.cpp" />
    <ClCompile Include="..\..\..\..\..\..\..\Temp\of_v0.9.8_vs_release\addons\ofxGui\src\ofxPanel.cpp" />
    <ClCompile Include="..\..\..\..\..\..\..\Temp\of_v0.9.8_vs_release\addons\ofxGui\src\ofxSlider.cpp" />
    <ClCompile Include="..\..\..\..\..\..\..\Temp\of_v0.9.8_vs_release\addons\ofxGui\src\ofxSliderGroup.cpp" />
    <ClCompile Include="..\..\..\..\..\..\..\Temp\of_v0.9.8_vs_release\addons\ofxGui\src\ofxToggle.cpp" />
    <ClCompile Include="src\Editor\Gui.cpp" />
    <ClCompile Include="src\Editor\Particle.cpp" />
    <ClCompile Include="src\Editor\ParticleEditor.cpp" />
    <ClCompile Include="src\Editor\ParticleEmission.cpp" />
    <ClCompile Include="src\Game\Bullet.cpp" />
    <ClCompile Include="src\Game\Enemy.cpp" />
    <ClCompile Include="src\Game\EnemyControl.cpp" />
    <ClCompile Include="src\Game\GameObject.cpp" />
    <ClCompile Include="src\Game\GameStats.cpp" />
    <ClCompile Include="src\Game\Menu.cpp" />
    <ClCompile Include="src\Game\Player.cpp" />
    <ClCompile Include="src\KenjiGUI\MyButton.cpp" />
    <ClCompile Include="src\main.cpp" />
    <ClCompile Include="src\ofApp.cpp" />
    <ClCompile Include="src\Editor\Storage.cpp" />
    <ClCompile Include="src\Game\GameControl.cpp" />
  </ItemGroup>
  <ItemGroup>
    <ClInclude Include="..\..\..\..\..\..\..\Temp\of_v0.9.8_vs_release\addons\ofxGui\src\ofxBaseGui.h" />
    <ClInclude Include="..\..\..\..\..\..\..\Temp\of_v0.9.8_vs_release\addons\ofxGui\src\ofxButton.h" />
    <ClInclude Include="..\..\..\..\..\..\..\Temp\of_v0.9.8_vs_release\addons\ofxGui\src\ofxGui.h" />
    <ClInclude Include="..\..\..\..\..\..\..\Temp\of_v0.9.8_vs_release\addons\ofxGui\src\ofxGuiGroup.h" />
    <ClInclude Include="..\..\..\..\..\..\..\Temp\of_v0.9.8_vs_release\addons\ofxGui\src\ofxLabel.h" />
    <ClInclude Include="..\..\..\..\..\..\..\Temp\of_v0.9.8_vs_release\addons\ofxGui\src\ofxPanel.h" />
    <ClInclude Include="..\..\..\..\..\..\..\Temp\of_v0.9.8_vs_release\addons\ofxGui\src\ofxSlider.h" />
    <ClInclude Include="..\..\..\..\..\..\..\Temp\of_v0.9.8_vs_release\addons\ofxGui\src\ofxSliderGroup.h" />
    <ClInclude Include="..\..\..\..\..\..\..\Temp\of_v0.9.8_vs_release\addons\ofxGui\src\ofxToggle.h" />
    <ClInclude Include="src\Editor\Gui.h" />
    <ClInclude Include="src\Editor\Particle.h" />
    <ClInclude Include="src\Editor\ParticleEditor.h" />
    <ClInclude Include="src\Editor\ParticleEmission.h" />
    <ClInclude Include="src\Game\Bullet.h" />
    <ClInclude Include="src\Game\Enemy.h" />
    <ClInclude Include="src\Game\EnemyControl.h" />
    <ClInclude Include="src\Game\GameObject.h" />
    <ClInclude Include="src\Game\GameStats.h" />
    <ClInclude Include="src\Game\Menu.h" />
    <ClInclude Include="src\Game\Player.h" />
    <ClInclude Include="src\KenjiGUI\MyButton.h" />
    <ClInclude Include="src\ofApp.h" />
    <ClInclude Include="src\Editor\Storage.h" />
    <ClInclude Include="src\Game\GameControl.h" />
  </ItemGroup>
  <ItemGroup>
    <ResourceCompile Include="icon.rc" />
  </ItemGroup>
</Project>